// !$*UTF8*$!
{
	archiveVersion = 1;
	classes = {
	};
	objectVersion = 50;
	objects = {

/* Begin PBXBuildFile section */
		40F3ABD023269CCD0082CB8E /* AppDelegate.swift in Sources */ = {isa = PBXBuildFile; fileRef = 40F3ABCF23269CCD0082CB8E /* AppDelegate.swift */; };
		40F3ABD223269CCD0082CB8E /* FirstViewController.swift in Sources */ = {isa = PBXBuildFile; fileRef = 40F3ABD123269CCD0082CB8E /* FirstViewController.swift */; };
		40F3ABD423269CCD0082CB8E /* SecondViewController.swift in Sources */ = {isa = PBXBuildFile; fileRef = 40F3ABD323269CCD0082CB8E /* SecondViewController.swift */; };
		40F3ABD723269CCD0082CB8E /* Main.storyboard in Resources */ = {isa = PBXBuildFile; fileRef = 40F3ABD523269CCD0082CB8E /* Main.storyboard */; };
		40F3ABD923269CCE0082CB8E /* Assets.xcassets in Resources */ = {isa = PBXBuildFile; fileRef = 40F3ABD823269CCE0082CB8E /* Assets.xcassets */; };
		40F3ABDC23269CCE0082CB8E /* LaunchScreen.storyboard in Resources */ = {isa = PBXBuildFile; fileRef = 40F3ABDA23269CCE0082CB8E /* LaunchScreen.storyboard */; };
		40F3ABE723269CCE0082CB8E /* MyLocattionsTests.swift in Sources */ = {isa = PBXBuildFile; fileRef = 40F3ABE623269CCE0082CB8E /* MyLocattionsTests.swift */; };
		40F3ABF223269CCE0082CB8E /* MyLocattionsUITests.swift in Sources */ = {isa = PBXBuildFile; fileRef = 40F3ABF123269CCE0082CB8E /* MyLocattionsUITests.swift */; };
/* End PBXBuildFile section */

/* Begin PBXContainerItemProxy section */
		40F3ABE323269CCE0082CB8E /* PBXContainerItemProxy */ = {
			isa = PBXContainerItemProxy;
			containerPortal = 40F3ABC423269CCC0082CB8E /* Project object */;
			proxyType = 1;
			remoteGlobalIDString = 40F3ABCB23269CCC0082CB8E;
			remoteInfo = MyLocattions;
		};
		40F3ABEE23269CCE0082CB8E /* PBXContainerItemProxy */ = {
			isa = PBXContainerItemProxy;
			containerPortal = 40F3ABC423269CCC0082CB8E /* Project object */;
			proxyType = 1;
			remoteGlobalIDString = 40F3ABCB23269CCC0082CB8E;
			remoteInfo = MyLocattions;
		};
/* End PBXContainerItemProxy section */

/* Begin PBXFileReference section */
		40F3ABCC23269CCC0082CB8E /* MyLocattions.app */ = {isa = PBXFileReference; explicitFileType = wrapper.application; includeInIndex = 0; path = MyLocattions.app; sourceTree = BUILT_PRODUCTS_DIR; };
		40F3ABCF23269CCD0082CB8E /* AppDelegate.swift */ = {isa = PBXFileReference; lastKnownFileType = sourcecode.swift; path = AppDelegate.swift; sourceTree = "<group>"; };
		40F3ABD123269CCD0082CB8E /* FirstViewController.swift */ = {isa = PBXFileReference; lastKnownFileType = sourcecode.swift; path = FirstViewController.swift; sourceTree = "<group>"; };
		40F3ABD323269CCD0082CB8E /* SecondViewController.swift */ = {isa = PBXFileReference; lastKnownFileType = sourcecode.swift; path = SecondViewController.swift; sourceTree = "<group>"; };
		40F3ABD623269CCD0082CB8E /* Base */ = {isa = PBXFileReference; lastKnownFileType = file.storyboard; name = Base; path = Base.lproj/Main.storyboard; sourceTree = "<group>"; };
		40F3ABD823269CCE0082CB8E /* Assets.xcassets */ = {isa = PBXFileReference; lastKnownFileType = folder.assetcatalog; path = Assets.xcassets; sourceTree = "<group>"; };
		40F3ABDB23269CCE0082CB8E /* Base */ = {isa = PBXFileReference; lastKnownFileType = file.storyboard; name = Base; path = Base.lproj/LaunchScreen.storyboard; sourceTree = "<group>"; };
		40F3ABDD23269CCE0082CB8E /* Info.plist */ = {isa = PBXFileReference; lastKnownFileType = text.plist.xml; path = Info.plist; sourceTree = "<group>"; };
		40F3ABE223269CCE0082CB8E /* MyLocattionsTests.xctest */ = {isa = PBXFileReference; explicitFileType = wrapper.cfbundle; includeInIndex = 0; path = MyLocattionsTests.xctest; sourceTree = BUILT_PRODUCTS_DIR; };
		40F3ABE623269CCE0082CB8E /* MyLocattionsTests.swift */ = {isa = PBXFileReference; lastKnownFileType = sourcecode.swift; path = MyLocattionsTests.swift; sourceTree = "<group>"; };
		40F3ABE823269CCE0082CB8E /* Info.plist */ = {isa = PBXFileReference; lastKnownFileType = text.plist.xml; path = Info.plist; sourceTree = "<group>"; };
		40F3ABED23269CCE0082CB8E /* MyLocattionsUITests.xctest */ = {isa = PBXFileReference; explicitFileType = wrapper.cfbundle; includeInIndex = 0; path = MyLocattionsUITests.xctest; sourceTree = BUILT_PRODUCTS_DIR; };
		40F3ABF123269CCE0082CB8E /* MyLocattionsUITests.swift */ = {isa = PBXFileReference; lastKnownFileType = sourcecode.swift; path = MyLocattionsUITests.swift; sourceTree = "<group>"; };
		40F3ABF323269CCE0082CB8E /* Info.plist */ = {isa = PBXFileReference; lastKnownFileType = text.plist.xml; path = Info.plist; sourceTree = "<group>"; };
/* End PBXFileReference section */

/* Begin PBXFrameworksBuildPhase section */
		40F3ABC923269CCC0082CB8E /* Frameworks */ = {
			isa = PBXFrameworksBuildPhase;
			buildActionMask = 2147483647;
			files = (
			);
			runOnlyForDeploymentPostprocessing = 0;
		};
		40F3ABDF23269CCE0082CB8E /* Frameworks */ = {
			isa = PBXFrameworksBuildPhase;
			buildActionMask = 2147483647;
			files = (
			);
			runOnlyForDeploymentPostprocessing = 0;
		};
		40F3ABEA23269CCE0082CB8E /* Frameworks */ = {
			isa = PBXFrameworksBuildPhase;
			buildActionMask = 2147483647;
			files = (
			);
			runOnlyForDeploymentPostprocessing = 0;
		};
/* End PBXFrameworksBuildPhase section */

/* Begin PBXGroup section */
		40F3ABC323269CCC0082CB8E = {
			isa = PBXGroup;
			children = (
				40F3ABCE23269CCD0082CB8E /* MyLocattions */,
				40F3ABE523269CCE0082CB8E /* MyLocattionsTests */,
				40F3ABF023269CCE0082CB8E /* MyLocattionsUITests */,
				40F3ABCD23269CCC0082CB8E /* Products */,
			);
			sourceTree = "<group>";
		};
		40F3ABCD23269CCC0082CB8E /* Products */ = {
			isa = PBXGroup;
			children = (
				40F3ABCC23269CCC0082CB8E /* MyLocattions.app */,
				40F3ABE223269CCE0082CB8E /* MyLocattionsTests.xctest */,
				40F3ABED23269CCE0082CB8E /* MyLocattionsUITests.xctest */,
			);
			name = Products;
			sourceTree = "<group>";
		};
		40F3ABCE23269CCD0082CB8E /* MyLocattions */ = {
			isa = PBXGroup;
			children = (
				40F3ABCF23269CCD0082CB8E /* AppDelegate.swift */,
				40F3ABD123269CCD0082CB8E /* FirstViewController.swift */,
				40F3ABD323269CCD0082CB8E /* SecondViewController.swift */,
				40F3ABD523269CCD0082CB8E /* Main.storyboard */,
				40F3ABD823269CCE0082CB8E /* Assets.xcassets */,
				40F3ABDA23269CCE0082CB8E /* LaunchScreen.storyboard */,
				40F3ABDD23269CCE0082CB8E /* Info.plist */,
			);
			path = MyLocattions;
			sourceTree = "<group>";
		};
		40F3ABE523269CCE0082CB8E /* MyLocattionsTests */ = {
			isa = PBXGroup;
			children = (
				40F3ABE623269CCE0082CB8E /* MyLocattionsTests.swift */,
				40F3ABE823269CCE0082CB8E /* Info.plist */,
			);
			path = MyLocattionsTests;
			sourceTree = "<group>";
		};
		40F3ABF023269CCE0082CB8E /* MyLocattionsUITests */ = {
			isa = PBXGroup;
			children = (
				40F3ABF123269CCE0082CB8E /* MyLocattionsUITests.swift */,
				40F3ABF323269CCE0082CB8E /* Info.plist */,
			);
			path = MyLocattionsUITests;
			sourceTree = "<group>";
		};
/* End PBXGroup section */

/* Begin PBXNativeTarget section */
		40F3ABCB23269CCC0082CB8E /* MyLocattions */ = {
			isa = PBXNativeTarget;
			buildConfigurationList = 40F3ABF623269CCE0082CB8E /* Build configuration list for PBXNativeTarget "MyLocattions" */;
			buildPhases = (
				40F3ABC823269CCC0082CB8E /* Sources */,
				40F3ABC923269CCC0082CB8E /* Frameworks */,
				40F3ABCA23269CCC0082CB8E /* Resources */,
			);
			buildRules = (
			);
			dependencies = (
			);
			name = MyLocattions;
			productName = MyLocattions;
			productReference = 40F3ABCC23269CCC0082CB8E /* MyLocattions.app */;
			productType = "com.apple.product-type.application";
		};
		40F3ABE123269CCE0082CB8E /* MyLocattionsTests */ = {
			isa = PBXNativeTarget;
			buildConfigurationList = 40F3ABF923269CCE0082CB8E /* Build configuration list for PBXNativeTarget "MyLocattionsTests" */;
			buildPhases = (
				40F3ABDE23269CCE0082CB8E /* Sources */,
				40F3ABDF23269CCE0082CB8E /* Frameworks */,
				40F3ABE023269CCE0082CB8E /* Resources */,
			);
			buildRules = (
			);
			dependencies = (
				40F3ABE423269CCE0082CB8E /* PBXTargetDependency */,
			);
			name = MyLocattionsTests;
			productName = MyLocattionsTests;
			productReference = 40F3ABE223269CCE0082CB8E /* MyLocattionsTests.xctest */;
			productType = "com.apple.product-type.bundle.unit-test";
		};
		40F3ABEC23269CCE0082CB8E /* MyLocattionsUITests */ = {
			isa = PBXNativeTarget;
			buildConfigurationList = 40F3ABFC23269CCE0082CB8E /* Build configuration list for PBXNativeTarget "MyLocattionsUITests" */;
			buildPhases = (
				40F3ABE923269CCE0082CB8E /* Sources */,
				40F3ABEA23269CCE0082CB8E /* Frameworks */,
				40F3ABEB23269CCE0082CB8E /* Resources */,
			);
			buildRules = (
			);
			dependencies = (
				40F3ABEF23269CCE0082CB8E /* PBXTargetDependency */,
			);
			name = MyLocattionsUITests;
			productName = MyLocattionsUITests;
			productReference = 40F3ABED23269CCE0082CB8E /* MyLocattionsUITests.xctest */;
			productType = "com.apple.product-type.bundle.ui-testing";
		};
/* End PBXNativeTarget section */

/* Begin PBXProject section */
		40F3ABC423269CCC0082CB8E /* Project object */ = {
			isa = PBXProject;
			attributes = {
				LastSwiftUpdateCheck = 1030;
				LastUpgradeCheck = 1030;
				ORGANIZATIONNAME = "Rafael Lehn";
				TargetAttributes = {
					40F3ABCB23269CCC0082CB8E = {
						CreatedOnToolsVersion = 10.3;
					};
					40F3ABE123269CCE0082CB8E = {
						CreatedOnToolsVersion = 10.3;
						TestTargetID = 40F3ABCB23269CCC0082CB8E;
					};
					40F3ABEC23269CCE0082CB8E = {
						CreatedOnToolsVersion = 10.3;
						TestTargetID = 40F3ABCB23269CCC0082CB8E;
					};
				};
			};
			buildConfigurationList = 40F3ABC723269CCC0082CB8E /* Build configuration list for PBXProject "MyLocattions" */;
			compatibilityVersion = "Xcode 9.3";
			developmentRegion = en;
			hasScannedForEncodings = 0;
			knownRegions = (
				en,
				Base,
			);
			mainGroup = 40F3ABC323269CCC0082CB8E;
			productRefGroup = 40F3ABCD23269CCC0082CB8E /* Products */;
			projectDirPath = "";
			projectRoot = "";
			targets = (
				40F3ABCB23269CCC0082CB8E /* MyLocattions */,
				40F3ABE123269CCE0082CB8E /* MyLocattionsTests */,
				40F3ABEC23269CCE0082CB8E /* MyLocattionsUITests */,
			);
		};
/* End PBXProject section */

/* Begin PBXResourcesBuildPhase section */
		40F3ABCA23269CCC0082CB8E /* Resources */ = {
			isa = PBXResourcesBuildPhase;
			buildActionMask = 2147483647;
			files = (
				40F3ABDC23269CCE0082CB8E /* LaunchScreen.storyboard in Resources */,
				40F3ABD923269CCE0082CB8E /* Assets.xcassets in Resources */,
				40F3ABD723269CCD0082CB8E /* Main.storyboard in Resources */,
			);
			runOnlyForDeploymentPostprocessing = 0;
		};
		40F3ABE023269CCE0082CB8E /* Resources */ = {
			isa = PBXResourcesBuildPhase;
			buildActionMask = 2147483647;
			files = (
			);
			runOnlyForDeploymentPostprocessing = 0;
		};
		40F3ABEB23269CCE0082CB8E /* Resources */ = {
			isa = PBXResourcesBuildPhase;
			buildActionMask = 2147483647;
			files = (
			);
			runOnlyForDeploymentPostprocessing = 0;
		};
/* End PBXResourcesBuildPhase section */

/* Begin PBXSourcesBuildPhase section */
		40F3ABC823269CCC0082CB8E /* Sources */ = {
			isa = PBXSourcesBuildPhase;
			buildActionMask = 2147483647;
			files = (
				40F3ABD423269CCD0082CB8E /* SecondViewController.swift in Sources */,
				40F3ABD023269CCD0082CB8E /* AppDelegate.swift in Sources */,
				40F3ABD223269CCD0082CB8E /* FirstViewController.swift in Sources */,
			);
			runOnlyForDeploymentPostprocessing = 0;
		};
		40F3ABDE23269CCE0082CB8E /* Sources */ = {
			isa = PBXSourcesBuildPhase;
			buildActionMask = 2147483647;
			files = (
				40F3ABE723269CCE0082CB8E /* MyLocattionsTests.swift in Sources */,
			);
			runOnlyForDeploymentPostprocessing = 0;
		};
		40F3ABE923269CCE0082CB8E /* Sources */ = {
			isa = PBXSourcesBuildPhase;
			buildActionMask = 2147483647;
			files = (
				40F3ABF223269CCE0082CB8E /* MyLocattionsUITests.swift in Sources */,
			);
			runOnlyForDeploymentPostprocessing = 0;
		};
/* End PBXSourcesBuildPhase section */

/* Begin PBXTargetDependency section */
		40F3ABE423269CCE0082CB8E /* PBXTargetDependency */ = {
			isa = PBXTargetDependency;
			target = 40F3ABCB23269CCC0082CB8E /* MyLocattions */;
			targetProxy = 40F3ABE323269CCE0082CB8E /* PBXContainerItemProxy */;
		};
		40F3ABEF23269CCE0082CB8E /* PBXTargetDependency */ = {
			isa = PBXTargetDependency;
			target = 40F3ABCB23269CCC0082CB8E /* MyLocattions */;
			targetProxy = 40F3ABEE23269CCE0082CB8E /* PBXContainerItemProxy */;
		};
/* End PBXTargetDependency section */

/* Begin PBXVariantGroup section */
		40F3ABD523269CCD0082CB8E /* Main.storyboard */ = {
			isa = PBXVariantGroup;
			children = (
				40F3ABD623269CCD0082CB8E /* Base */,
			);
			name = Main.storyboard;
			sourceTree = "<group>";
		};
		40F3ABDA23269CCE0082CB8E /* LaunchScreen.storyboard */ = {
			isa = PBXVariantGroup;
			children = (
				40F3ABDB23269CCE0082CB8E /* Base */,
			);
			name = LaunchScreen.storyboard;
			sourceTree = "<group>";
		};
/* End PBXVariantGroup section */

/* Begin XCBuildConfiguration section */
		40F3ABF423269CCE0082CB8E /* Debug */ = {
			isa = XCBuildConfiguration;
			buildSettings = {
				ALWAYS_SEARCH_USER_PATHS = NO;
				CLANG_ANALYZER_NONNULL = YES;
				CLANG_ANALYZER_NUMBER_OBJECT_CONVERSION = YES_AGGRESSIVE;
				CLANG_CXX_LANGUAGE_STANDARD = "gnu++14";
				CLANG_CXX_LIBRARY = "libc++";
				CLANG_ENABLE_MODULES = YES;
				CLANG_ENABLE_OBJC_ARC = YES;
				CLANG_ENABLE_OBJC_WEAK = YES;
				CLANG_WARN_BLOCK_CAPTURE_AUTORELEASING = YES;
				CLANG_WARN_BOOL_CONVERSION = YES;
				CLANG_WARN_COMMA = YES;
				CLANG_WARN_CONSTANT_CONVERSION = YES;
				CLANG_WARN_DEPRECATED_OBJC_IMPLEMENTATIONS = YES;
				CLANG_WARN_DIRECT_OBJC_ISA_USAGE = YES_ERROR;
				CLANG_WARN_DOCUMENTATION_COMMENTS = YES;
				CLANG_WARN_EMPTY_BODY = YES;
				CLANG_WARN_ENUM_CONVERSION = YES;
				CLANG_WARN_INFINITE_RECURSION = YES;
				CLANG_WARN_INT_CONVERSION = YES;
				CLANG_WARN_NON_LITERAL_NULL_CONVERSION = YES;
				CLANG_WARN_OBJC_IMPLICIT_RETAIN_SELF = YES;
				CLANG_WARN_OBJC_LITERAL_CONVERSION = YES;
				CLANG_WARN_OBJC_ROOT_CLASS = YES_ERROR;
				CLANG_WARN_RANGE_LOOP_ANALYSIS = YES;
				CLANG_WARN_STRICT_PROTOTYPES = YES;
				CLANG_WARN_SUSPICIOUS_MOVE = YES;
				CLANG_WARN_UNGUARDED_AVAILABILITY = YES_AGGRESSIVE;
				CLANG_WARN_UNREACHABLE_CODE = YES;
				CLANG_WARN__DUPLICATE_METHOD_MATCH = YES;
				CODE_SIGN_IDENTITY = "iPhone Developer";
				COPY_PHASE_STRIP = NO;
				DEBUG_INFORMATION_FORMAT = dwarf;
				ENABLE_STRICT_OBJC_MSGSEND = YES;
				ENABLE_TESTABILITY = YES;
				GCC_C_LANGUAGE_STANDARD = gnu11;
				GCC_DYNAMIC_NO_PIC = NO;
				GCC_NO_COMMON_BLOCKS = YES;
				GCC_OPTIMIZATION_LEVEL = 0;
				GCC_PREPROCESSOR_DEFINITIONS = (
					"DEBUG=1",
					"$(inherited)",
				);
				GCC_WARN_64_TO_32_BIT_CONVERSION = YES;
				GCC_WARN_ABOUT_RETURN_TYPE = YES_ERROR;
				GCC_WARN_UNDECLARED_SELECTOR = YES;
				GCC_WARN_UNINITIALIZED_AUTOS = YES_AGGRESSIVE;
				GCC_WARN_UNUSED_FUNCTION = YES;
				GCC_WARN_UNUSED_VARIABLE = YES;
				IPHONEOS_DEPLOYMENT_TARGET = 12.4;
				MTL_ENABLE_DEBUG_INFO = INCLUDE_SOURCE;
				MTL_FAST_MATH = YES;
				ONLY_ACTIVE_ARCH = YES;
				SDKROOT = iphoneos;
				SWIFT_ACTIVE_COMPILATION_CONDITIONS = DEBUG;
				SWIFT_OPTIMIZATION_LEVEL = "-Onone";
			};
			name = Debug;
		};
		40F3ABF523269CCE0082CB8E /* Release */ = {
			isa = XCBuildConfiguration;
			buildSettings = {
				ALWAYS_SEARCH_USER_PATHS = NO;
				CLANG_ANALYZER_NONNULL = YES;
				CLANG_ANALYZER_NUMBER_OBJECT_CONVERSION = YES_AGGRESSIVE;
				CLANG_CXX_LANGUAGE_STANDARD = "gnu++14";
				CLANG_CXX_LIBRARY = "libc++";
				CLANG_ENABLE_MODULES = YES;
				CLANG_ENABLE_OBJC_ARC = YES;
				CLANG_ENABLE_OBJC_WEAK = YES;
				CLANG_WARN_BLOCK_CAPTURE_AUTORELEASING = YES;
				CLANG_WARN_BOOL_CONVERSION = YES;
				CLANG_WARN_COMMA = YES;
				CLANG_WARN_CONSTANT_CONVERSION = YES;
				CLANG_WARN_DEPRECATED_OBJC_IMPLEMENTATIONS = YES;
				CLANG_WARN_DIRECT_OBJC_ISA_USAGE = YES_ERROR;
				CLANG_WARN_DOCUMENTATION_COMMENTS = YES;
				CLANG_WARN_EMPTY_BODY = YES;
				CLANG_WARN_ENUM_CONVERSION = YES;
				CLANG_WARN_INFINITE_RECURSION = YES;
				CLANG_WARN_INT_CONVERSION = YES;
				CLANG_WARN_NON_LITERAL_NULL_CONVERSION = YES;
				CLANG_WARN_OBJC_IMPLICIT_RETAIN_SELF = YES;
				CLANG_WARN_OBJC_LITERAL_CONVERSION = YES;
				CLANG_WARN_OBJC_ROOT_CLASS = YES_ERROR;
				CLANG_WARN_RANGE_LOOP_ANALYSIS = YES;
				CLANG_WARN_STRICT_PROTOTYPES = YES;
				CLANG_WARN_SUSPICIOUS_MOVE = YES;
				CLANG_WARN_UNGUARDED_AVAILABILITY = YES_AGGRESSIVE;
				CLANG_WARN_UNREACHABLE_CODE = YES;
				CLANG_WARN__DUPLICATE_METHOD_MATCH = YES;
				CODE_SIGN_IDENTITY = "iPhone Developer";
				COPY_PHASE_STRIP = NO;
				DEBUG_INFORMATION_FORMAT = "dwarf-with-dsym";
				ENABLE_NS_ASSERTIONS = NO;
				ENABLE_STRICT_OBJC_MSGSEND = YES;
				GCC_C_LANGUAGE_STANDARD = gnu11;
				GCC_NO_COMMON_BLOCKS = YES;
				GCC_WARN_64_TO_32_BIT_CONVERSION = YES;
				GCC_WARN_ABOUT_RETURN_TYPE = YES_ERROR;
				GCC_WARN_UNDECLARED_SELECTOR = YES;
				GCC_WARN_UNINITIALIZED_AUTOS = YES_AGGRESSIVE;
				GCC_WARN_UNUSED_FUNCTION = YES;
				GCC_WARN_UNUSED_VARIABLE = YES;
				IPHONEOS_DEPLOYMENT_TARGET = 12.4;
				MTL_ENABLE_DEBUG_INFO = NO;
				MTL_FAST_MATH = YES;
				SDKROOT = iphoneos;
				SWIFT_COMPILATION_MODE = wholemodule;
				SWIFT_OPTIMIZATION_LEVEL = "-O";
				VALIDATE_PRODUCT = YES;
			};
			name = Release;
		};
		40F3ABF723269CCE0082CB8E /* Debug */ = {
			isa = XCBuildConfiguration;
			buildSettings = {
				ASSETCATALOG_COMPILER_APPICON_NAME = AppIcon;
				CODE_SIGN_STYLE = Automatic;
				INFOPLIST_FILE = MyLocattions/Info.plist;
				LD_RUNPATH_SEARCH_PATHS = (
					"$(inherited)",
					"@executable_path/Frameworks",
				);
				PRODUCT_BUNDLE_IDENTIFIER = com.rafaellehn.MyLocattions;
				PRODUCT_NAME = "$(TARGET_NAME)";
				SWIFT_VERSION = 5.0;
				TARGETED_DEVICE_FAMILY = "1,2";
			};
			name = Debug;
		};
		40F3ABF823269CCE0082CB8E /* Release */ = {
			isa = XCBuildConfiguration;
			buildSettings = {
				ASSETCATALOG_COMPILER_APPICON_NAME = AppIcon;
				CODE_SIGN_STYLE = Automatic;
				INFOPLIST_FILE = MyLocattions/Info.plist;
				LD_RUNPATH_SEARCH_PATHS = (
					"$(inherited)",
					"@executable_path/Frameworks",
				);
				PRODUCT_BUNDLE_IDENTIFIER = com.rafaellehn.MyLocattions;
				PRODUCT_NAME = "$(TARGET_NAME)";
				SWIFT_VERSION = 5.0;
				TARGETED_DEVICE_FAMILY = "1,2";
			};
			name = Release;
		};
		40F3ABFA23269CCE0082CB8E /* Debug */ = {
			isa = XCBuildConfiguration;
			buildSettings = {
				ALWAYS_EMBED_SWIFT_STANDARD_LIBRARIES = YES;
				BUNDLE_LOADER = "$(TEST_HOST)";
				CODE_SIGN_STYLE = Automatic;
				INFOPLIST_FILE = MyLocattionsTests/Info.plist;
				LD_RUNPATH_SEARCH_PATHS = (
					"$(inherited)",
					"@executable_path/Frameworks",
					"@loader_path/Frameworks",
				);
				PRODUCT_BUNDLE_IDENTIFIER = com.rafaellehn.MyLocattionsTests;
				PRODUCT_NAME = "$(TARGET_NAME)";
				SWIFT_VERSION = 5.0;
				TARGETED_DEVICE_FAMILY = "1,2";
				TEST_HOST = "$(BUILT_PRODUCTS_DIR)/MyLocattions.app/MyLocattions";
			};
			name = Debug;
		};
		40F3ABFB23269CCE0082CB8E /* Release */ = {
			isa = XCBuildConfiguration;
			buildSettings = {
				ALWAYS_EMBED_SWIFT_STANDARD_LIBRARIES = YES;
				BUNDLE_LOADER = "$(TEST_HOST)";
				CODE_SIGN_STYLE = Automatic;
				INFOPLIST_FILE = MyLocattionsTests/Info.plist;
				LD_RUNPATH_SEARCH_PATHS = (
					"$(inherited)",
					"@executable_path/Frameworks",
					"@loader_path/Frameworks",
				);
				PRODUCT_BUNDLE_IDENTIFIER = com.rafaellehn.MyLocattionsTests;
				PRODUCT_NAME = "$(TARGET_NAME)";
				SWIFT_VERSION = 5.0;
				TARGETED_DEVICE_FAMILY = "1,2";
				TEST_HOST = "$(BUILT_PRODUCTS_DIR)/MyLocattions.app/MyLocattions";
			};
			name = Release;
		};
		40F3ABFD23269CCE0082CB8E /* Debug */ = {
			isa = XCBuildConfiguration;
			buildSettings = {
				ALWAYS_EMBED_SWIFT_STANDARD_LIBRARIES = YES;
				CODE_SIGN_STYLE = Automatic;
				INFOPLIST_FILE = MyLocattionsUITests/Info.plist;
				LD_RUNPATH_SEARCH_PATHS = (
					"$(inherited)",
					"@executable_path/Frameworks",
					"@loader_path/Frameworks",
				);
				PRODUCT_BUNDLE_IDENTIFIER = com.rafaellehn.MyLocattionsUITests;
				PRODUCT_NAME = "$(TARGET_NAME)";
				SWIFT_VERSION = 5.0;
				TARGETED_DEVICE_FAMILY = "1,2";
				TEST_TARGET_NAME = MyLocattions;
			};
			name = Debug;
		};
		40F3ABFE23269CCE0082CB8E /* Release */ = {
			isa = XCBuildConfiguration;
			buildSettings = {
				ALWAYS_EMBED_SWIFT_STANDARD_LIBRARIES = YES;
				CODE_SIGN_STYLE = Automatic;
				INFOPLIST_FILE = MyLocattionsUITests/Info.plist;
				LD_RUNPATH_SEARCH_PATHS = (
					"$(inherited)",
					"@executable_path/Frameworks",
					"@loader_path/Frameworks",
				);
				PRODUCT_BUNDLE_IDENTIFIER = com.rafaellehn.MyLocattionsUITests;
				PRODUCT_NAME = "$(TARGET_NAME)";
				SWIFT_VERSION = 5.0;
				TARGETED_DEVICE_FAMILY = "1,2";
				TEST_TARGET_NAME = MyLocattions;
			};
			name = Release;
		};
/* End XCBuildConfiguration section */

/* Begin XCConfigurationList section */
		40F3ABC723269CCC0082CB8E /* Build configuration list for PBXProject "MyLocattions" */ = {
			isa = XCConfigurationList;
			buildConfigurations = (
				40F3ABF423269CCE0082CB8E /* Debug */,
				40F3ABF523269CCE0082CB8E /* Release */,
			);
			defaultConfigurationIsVisible = 0;
			defaultConfigurationName = Release;
		};
		40F3ABF623269CCE0082CB8E /* Build configuration list for PBXNativeTarget "MyLocattions" */ = {
			isa = XCConfigurationList;
			buildConfigurations = (
				40F3ABF723269CCE0082CB8E /* Debug */,
				40F3ABF823269CCE0082CB8E /* Release */,
			);
			defaultConfigurationIsVisible = 0;
			defaultConfigurationName = Release;
		};
		40F3ABF923269CCE0082CB8E /* Build configuration list for PBXNativeTarget "MyLocattionsTests" */ = {
			isa = XCConfigurationList;
			buildConfigurations = (
				40F3ABFA23269CCE0082CB8E /* Debug */,
				40F3ABFB23269CCE0082CB8E /* Release */,
			);
			defaultConfigurationIsVisible = 0;
			defaultConfigurationName = Release;
		};
		40F3ABFC23269CCE0082CB8E /* Build configuration list for PBXNativeTarget "MyLocattionsUITests" */ = {
			isa = XCConfigurationList;
			buildConfigurations = (
				40F3ABFD23269CCE0082CB8E /* Debug */,
				40F3ABFE23269CCE0082CB8E /* Release */,
			);
			defaultConfigurationIsVisible = 0;
			defaultConfigurationName = Release;
		};
/* End XCConfigurationList section */
	};
	rootObject = 40F3ABC423269CCC0082CB8E /* Project object */;
}
